
Microsoft Visual Studio Solution File, Format Version 12.00
# Visual Studio Version 16
VisualStudioVersion = 16.0.30114.105
MinimumVisualStudioVersion = 10.0.40219.1
Project("{FAE04EC0-301F-11D3-BF4B-00C04F79EFBC}") = "lab1", "lab1\lab1.csproj", "{E219F689-A947-4CDD-85F2-FB2C329FFE87}"
EndProject
Project("{FAE04EC0-301F-11D3-BF4B-00C04F79EFBC}") = "lab2", "lab2\lab2.csproj", "{DE19BDA4-0923-4528-A685-294976B27C64}"
EndProject
Project("{FAE04EC0-301F-11D3-BF4B-00C04F79EFBC}") = "lab3", "lab3\lab3.csproj", "{D0C21A2E-C111-4546-A9A4-9CCCB80668AA}"
EndProject
Project("{FAE04EC0-301F-11D3-BF4B-00C04F79EFBC}") = "lab4", "lab4\lab4.csproj", "{500FD1B8-F4C9-47F8-8A05-685A387217D4}"
EndProject
Project("{FAE04EC0-301F-11D3-BF4B-00C04F79EFBC}") = "lab5", "lab5\lab5.csproj", "{679E320F-4504-4482-9C01-316A11E997F1}"
EndProject
Global
	GlobalSection(SolutionConfigurationPlatforms) = preSolution
		Debug|Any CPU = Debug|Any CPU
		Release|Any CPU = Release|Any CPU
	EndGlobalSection
	GlobalSection(SolutionProperties) = preSolution
		HideSolutionNode = FALSE
	EndGlobalSection
	GlobalSection(ProjectConfigurationPlatforms) = postSolution
		{E219F689-A947-4CDD-85F2-FB2C329FFE87}.Debug|Any CPU.ActiveCfg = Debug|Any CPU
		{E219F689-A947-4CDD-85F2-FB2C329FFE87}.Debug|Any CPU.Build.0 = Debug|Any CPU
		{E219F689-A947-4CDD-85F2-FB2C329FFE87}.Release|Any CPU.ActiveCfg = Release|Any CPU
		{E219F689-A947-4CDD-85F2-FB2C329FFE87}.Release|Any CPU.Build.0 = Release|Any CPU
		{DE19BDA4-0923-4528-A685-294976B27C64}.Debug|Any CPU.ActiveCfg = Debug|Any CPU
		{DE19BDA4-0923-4528-A685-294976B27C64}.Debug|Any CPU.Build.0 = Debug|Any CPU
		{DE19BDA4-0923-4528-A685-294976B27C64}.Release|Any CPU.ActiveCfg = Release|Any CPU
		{DE19BDA4-0923-4528-A685-294976B27C64}.Release|Any CPU.Build.0 = Release|Any CPU
		{D0C21A2E-C111-4546-A9A4-9CCCB80668AA}.Debug|Any CPU.ActiveCfg = Debug|Any CPU
		{D0C21A2E-C111-4546-A9A4-9CCCB80668AA}.Debug|Any CPU.Build.0 = Debug|Any CPU
		{D0C21A2E-C111-4546-A9A4-9CCCB80668AA}.Release|Any CPU.ActiveCfg = Release|Any CPU
		{D0C21A2E-C111-4546-A9A4-9CCCB80668AA}.Release|Any CPU.Build.0 = Release|Any CPU
		{500FD1B8-F4C9-47F8-8A05-685A387217D4}.Debug|Any CPU.ActiveCfg = Debug|Any CPU
		{500FD1B8-F4C9-47F8-8A05-685A387217D4}.Debug|Any CPU.Build.0 = Debug|Any CPU
		{500FD1B8-F4C9-47F8-8A05-685A387217D4}.Release|Any CPU.ActiveCfg = Release|Any CPU
		{500FD1B8-F4C9-47F8-8A05-685A387217D4}.Release|Any CPU.Build.0 = Release|Any CPU
		{679E320F-4504-4482-9C01-316A11E997F1}.Debug|Any CPU.ActiveCfg = Debug|Any CPU
		{679E320F-4504-4482-9C01-316A11E997F1}.Debug|Any CPU.Build.0 = Debug|Any CPU
		{679E320F-4504-4482-9C01-316A11E997F1}.Release|Any CPU.ActiveCfg = Release|Any CPU
		{679E320F-4504-4482-9C01-316A11E997F1}.Release|Any CPU.Build.0 = Release|Any CPU
	EndGlobalSection
EndGlobal
